{
  "version": 4,
  "terraform_version": "1.4.6",
  "serial": 13,
  "lineage": "d789e6ba-2ede-523d-7ace-dfefac0de095",
  "outputs": {},
  "resources": [
    {
      "mode": "managed",
      "type": "local_file",
      "name": "foo",
      "provider": "provider[\"registry.terraform.io/hashicorp/local\"]",
      "instances": [
        {
          "schema_version": 0,
          "attributes": {
            "content": "def przywitanie():\r\n  print ('HelloWorld')\r\n  return\r\nprzywitanie()\r\n",
            "content_base64": null,
            "content_base64sha256": "Xn6GJnbw8tdo4xj7IVVTH0aOJjoI4ysQ0fiBHQY9Hh8=",
            "content_base64sha512": "DqdsMBPrz10zW8mBt7qcFTCcAhcPEICrg59VFoLY0RBdsEL3mCAJeBdvCha4In2WaDKBuLV7fxvPWAj6EE7aBA==",
            "content_md5": "dfff46dfcfcb8624d228118f50ccc3ff",
            "content_sha1": "b03b82de71914528d0d271a2129cd92b215b2231",
            "content_sha256": "5e7e862676f0f2d768e318fb2155531f468e263a08e32b10d1f8811d063d1e1f",
            "content_sha512": "0ea76c3013ebcf5d335bc981b7ba9c15309c02170f1080ab839f551682d8d1105db042f798200978176f0a16b8227d96683281b8b57b7f1bcf5808fa104eda04",
            "directory_permission": "0777",
            "file_permission": "0777",
            "filename": "./foo.py",
            "id": "b03b82de71914528d0d271a2129cd92b215b2231",
            "sensitive_content": null,
            "source": null
          },
          "sensitive_attributes": []
        }
      ]
    }
  ],
  "check_results": null
}
