{
  "version": 4,
  "terraform_version": "1.4.6",
  "serial": 19,
  "lineage": "d789e6ba-2ede-523d-7ace-dfefac0de095",
  "outputs": {},
  "resources": [
    {
      "mode": "managed",
      "type": "local_file",
      "name": "foo",
      "provider": "provider[\"registry.terraform.io/hashicorp/local\"]",
      "instances": [
        {
          "schema_version": 0,
          "attributes": {
            "content": "def przywitanie():\r\n  print ('Hello World')\r\n",
            "content_base64": null,
            "content_base64sha256": "UBw2hao26t15p2q9ye/ItTz9jluNHnvgA5fiM5jObpI=",
            "content_base64sha512": "elTonuyKzm8vjYvZnroVmj0E49ZOf8/vOwuvtxZSdMN0Mgs71dluFPuHIxBLFNFfST3DCUvZTHmwaKbbnht9qA==",
            "content_md5": "df0546b7a09746a87b650dc5b23a34c4",
            "content_sha1": "72eb3775c91ca5411d46c6448e9017f3fc4e33d9",
            "content_sha256": "501c3685aa36eadd79a76abdc9efc8b53cfd8e5b8d1e7be00397e23398ce6e92",
            "content_sha512": "7a54e89eec8ace6f2f8d8bd99eba159a3d04e3d64e7fcfef3b0bafb7165274c374320b3bd5d96e14fb8723104b14d15f493dc3094bd94c79b068a6db9e1b7da8",
            "directory_permission": "0777",
            "file_permission": "0777",
            "filename": "./code.py",
            "id": "72eb3775c91ca5411d46c6448e9017f3fc4e33d9",
            "sensitive_content": null,
            "source": null
          },
          "sensitive_attributes": []
        }
      ]
    }
  ],
  "check_results": null
}
